
Microsoft Visual Studio Solution File, Format Version 12.00
# Visual Studio Version 16
VisualStudioVersion = 16.0.30804.86
MinimumVisualStudioVersion = 10.0.40219.1
Project("{FAE04EC0-301F-11D3-BF4B-00C04F79EFBC}") = "back-end", "back-end\back-end.csproj", "{1948DE86-5206-4E77-93CB-1C1AE970D387}"
EndProject
Global
	GlobalSection(SolutionConfigurationPlatforms) = preSolution
		Debug|Any CPU = Debug|Any CPU
		Release|Any CPU = Release|Any CPU
	EndGlobalSection
	GlobalSection(ProjectConfigurationPlatforms) = postSolution
		{1948DE86-5206-4E77-93CB-1C1AE970D387}.Debug|Any CPU.ActiveCfg = Debug|Any CPU
		{1948DE86-5206-4E77-93CB-1C1AE970D387}.Debug|Any CPU.Build.0 = Debug|Any CPU
		{1948DE86-5206-4E77-93CB-1C1AE970D387}.Release|Any CPU.ActiveCfg = Release|Any CPU
		{1948DE86-5206-4E77-93CB-1C1AE970D387}.Release|Any CPU.Build.0 = Release|Any CPU
	EndGlobalSection
	GlobalSection(SolutionProperties) = preSolution
		HideSolutionNode = FALSE
	EndGlobalSection
	GlobalSection(ExtensibilityGlobals) = postSolution
		SolutionGuid = {A432D83F-149E-4805-80D3-73B641111949}
	EndGlobalSection
EndGlobal
